
Microsoft Visual Studio Solution File, Format Version 12.00
# Visual Studio Version 17
VisualStudioVersion = 17.11.35303.130
MinimumVisualStudioVersion = 10.0.40219.1
Project("{9A19103F-16F7-4668-BE54-9A1E7A4F7556}") = "StoreWay", "StoreWay\StoreWay.csproj", "{C81D379E-308F-471A-A61E-EB30CA64A06D}"
EndProject
Project("{9A19103F-16F7-4668-BE54-9A1E7A4F7556}") = "Entities", "Entites\Entities.csproj", "{42061CAF-B026-4EE7-B899-18EC16531447}"
EndProject
Project("{9A19103F-16F7-4668-BE54-9A1E7A4F7556}") = "Presentation", "Presentation\Presentation.csproj", "{2588E9E9-66E0-40A0-8488-B71D2B55794D}"
EndProject
Project("{9A19103F-16F7-4668-BE54-9A1E7A4F7556}") = "Repository", "Repository\Repository.csproj", "{B071B8EF-9A6F-49F0-928D-2FC3CA9303E9}"
EndProject
Project("{FAE04EC0-301F-11D3-BF4B-00C04F79EFBC}") = "Service", "Service\Service.csproj", "{891DB7CF-ACDD-4449-BF45-CF28E1447A49}"
EndProject
Global
	GlobalSection(SolutionConfigurationPlatforms) = preSolution
		Debug|Any CPU = Debug|Any CPU
		Release|Any CPU = Release|Any CPU
	EndGlobalSection
	GlobalSection(ProjectConfigurationPlatforms) = postSolution
		{C81D379E-308F-471A-A61E-EB30CA64A06D}.Debug|Any CPU.ActiveCfg = Debug|Any CPU
		{C81D379E-308F-471A-A61E-EB30CA64A06D}.Debug|Any CPU.Build.0 = Debug|Any CPU
		{C81D379E-308F-471A-A61E-EB30CA64A06D}.Release|Any CPU.ActiveCfg = Release|Any CPU
		{C81D379E-308F-471A-A61E-EB30CA64A06D}.Release|Any CPU.Build.0 = Release|Any CPU
		{42061CAF-B026-4EE7-B899-18EC16531447}.Debug|Any CPU.ActiveCfg = Debug|Any CPU
		{42061CAF-B026-4EE7-B899-18EC16531447}.Debug|Any CPU.Build.0 = Debug|Any CPU
		{42061CAF-B026-4EE7-B899-18EC16531447}.Release|Any CPU.ActiveCfg = Release|Any CPU
		{42061CAF-B026-4EE7-B899-18EC16531447}.Release|Any CPU.Build.0 = Release|Any CPU
		{2588E9E9-66E0-40A0-8488-B71D2B55794D}.Debug|Any CPU.ActiveCfg = Debug|Any CPU
		{2588E9E9-66E0-40A0-8488-B71D2B55794D}.Debug|Any CPU.Build.0 = Debug|Any CPU
		{2588E9E9-66E0-40A0-8488-B71D2B55794D}.Release|Any CPU.ActiveCfg = Release|Any CPU
		{2588E9E9-66E0-40A0-8488-B71D2B55794D}.Release|Any CPU.Build.0 = Release|Any CPU
		{B071B8EF-9A6F-49F0-928D-2FC3CA9303E9}.Debug|Any CPU.ActiveCfg = Debug|Any CPU
		{B071B8EF-9A6F-49F0-928D-2FC3CA9303E9}.Debug|Any CPU.Build.0 = Debug|Any CPU
		{B071B8EF-9A6F-49F0-928D-2FC3CA9303E9}.Release|Any CPU.ActiveCfg = Release|Any CPU
		{B071B8EF-9A6F-49F0-928D-2FC3CA9303E9}.Release|Any CPU.Build.0 = Release|Any CPU
		{891DB7CF-ACDD-4449-BF45-CF28E1447A49}.Debug|Any CPU.ActiveCfg = Debug|Any CPU
		{891DB7CF-ACDD-4449-BF45-CF28E1447A49}.Debug|Any CPU.Build.0 = Debug|Any CPU
		{891DB7CF-ACDD-4449-BF45-CF28E1447A49}.Release|Any CPU.ActiveCfg = Release|Any CPU
		{891DB7CF-ACDD-4449-BF45-CF28E1447A49}.Release|Any CPU.Build.0 = Release|Any CPU
	EndGlobalSection
	GlobalSection(SolutionProperties) = preSolution
		HideSolutionNode = FALSE
	EndGlobalSection
	GlobalSection(ExtensibilityGlobals) = postSolution
		SolutionGuid = {284F73FD-F472-412F-A6EB-3F3261C42A4A}
	EndGlobalSection
EndGlobal
